// !$*UTF8*$!
{
	archiveVersion = 1;
	classes = {
	};
	objectVersion = 51;
	objects = {

/* Begin PBXBuildFile section */
		7A761F0C261A2A170003DF94 /* AppDelegate.swift in Sources */ = {isa = PBXBuildFile; fileRef = 7A761F0B261A2A170003DF94 /* AppDelegate.swift */; };
		7A761F0E261A2A170003DF94 /* SceneDelegate.swift in Sources */ = {isa = PBXBuildFile; fileRef = 7A761F0D261A2A170003DF94 /* SceneDelegate.swift */; };
		7A761F10261A2A170003DF94 /* MapViewController.swift in Sources */ = {isa = PBXBuildFile; fileRef = 7A761F0F261A2A170003DF94 /* MapViewController.swift */; };
		7A761F13261A2A170003DF94 /* Main.storyboard in Resources */ = {isa = PBXBuildFile; fileRef = 7A761F11261A2A170003DF94 /* Main.storyboard */; };
		7A761F15261A2A180003DF94 /* Assets.xcassets in Resources */ = {isa = PBXBuildFile; fileRef = 7A761F14261A2A180003DF94 /* Assets.xcassets */; };
		7A761F18261A2A180003DF94 /* LaunchScreen.storyboard in Resources */ = {isa = PBXBuildFile; fileRef = 7A761F16261A2A180003DF94 /* LaunchScreen.storyboard */; };
		7AEA1A7B261E3A73003A1C94 /* RealmService.swift in Sources */ = {isa = PBXBuildFile; fileRef = 7AEA1A7A261E3A73003A1C94 /* RealmService.swift */; };
		7AEA1A7F261E3CFF003A1C94 /* Route.swift in Sources */ = {isa = PBXBuildFile; fileRef = 7AEA1A7E261E3CFF003A1C94 /* Route.swift */; };
		BDFB27F61FCAC0AAEA8CAA35 /* Pods_Route_Tracker.framework in Frameworks */ = {isa = PBXBuildFile; fileRef = D87A829F0AC8E0750331B495 /* Pods_Route_Tracker.framework */; };
/* End PBXBuildFile section */

/* Begin PBXFileReference section */
		0231EBF557FE84D845BDDF8D /* Pods-Route Tracker.debug.xcconfig */ = {isa = PBXFileReference; includeInIndex = 1; lastKnownFileType = text.xcconfig; name = "Pods-Route Tracker.debug.xcconfig"; path = "Target Support Files/Pods-Route Tracker/Pods-Route Tracker.debug.xcconfig"; sourceTree = "<group>"; };
		7A761F08261A2A170003DF94 /* Route Tracker.app */ = {isa = PBXFileReference; explicitFileType = wrapper.application; includeInIndex = 0; path = "Route Tracker.app"; sourceTree = BUILT_PRODUCTS_DIR; };
		7A761F0B261A2A170003DF94 /* AppDelegate.swift */ = {isa = PBXFileReference; lastKnownFileType = sourcecode.swift; path = AppDelegate.swift; sourceTree = "<group>"; };
		7A761F0D261A2A170003DF94 /* SceneDelegate.swift */ = {isa = PBXFileReference; lastKnownFileType = sourcecode.swift; path = SceneDelegate.swift; sourceTree = "<group>"; };
		7A761F0F261A2A170003DF94 /* MapViewController.swift */ = {isa = PBXFileReference; lastKnownFileType = sourcecode.swift; path = MapViewController.swift; sourceTree = "<group>"; };
		7A761F12261A2A170003DF94 /* Base */ = {isa = PBXFileReference; lastKnownFileType = file.storyboard; name = Base; path = Base.lproj/Main.storyboard; sourceTree = "<group>"; };
		7A761F14261A2A180003DF94 /* Assets.xcassets */ = {isa = PBXFileReference; lastKnownFileType = folder.assetcatalog; path = Assets.xcassets; sourceTree = "<group>"; };
		7A761F17261A2A180003DF94 /* Base */ = {isa = PBXFileReference; lastKnownFileType = file.storyboard; name = Base; path = Base.lproj/LaunchScreen.storyboard; sourceTree = "<group>"; };
		7A761F19261A2A180003DF94 /* Info.plist */ = {isa = PBXFileReference; lastKnownFileType = text.plist.xml; path = Info.plist; sourceTree = "<group>"; };
		7AEA1A7A261E3A73003A1C94 /* RealmService.swift */ = {isa = PBXFileReference; lastKnownFileType = sourcecode.swift; path = RealmService.swift; sourceTree = "<group>"; };
		7AEA1A7E261E3CFF003A1C94 /* Route.swift */ = {isa = PBXFileReference; lastKnownFileType = sourcecode.swift; path = Route.swift; sourceTree = "<group>"; };
		B3C405E286FC19E0388DA5BE /* Pods-Route Tracker.release.xcconfig */ = {isa = PBXFileReference; includeInIndex = 1; lastKnownFileType = text.xcconfig; name = "Pods-Route Tracker.release.xcconfig"; path = "Target Support Files/Pods-Route Tracker/Pods-Route Tracker.release.xcconfig"; sourceTree = "<group>"; };
		D87A829F0AC8E0750331B495 /* Pods_Route_Tracker.framework */ = {isa = PBXFileReference; explicitFileType = wrapper.framework; includeInIndex = 0; path = Pods_Route_Tracker.framework; sourceTree = BUILT_PRODUCTS_DIR; };
/* End PBXFileReference section */

/* Begin PBXFrameworksBuildPhase section */
		7A761F05261A2A170003DF94 /* Frameworks */ = {
			isa = PBXFrameworksBuildPhase;
			buildActionMask = 2147483647;
			files = (
				BDFB27F61FCAC0AAEA8CAA35 /* Pods_Route_Tracker.framework in Frameworks */,
			);
			runOnlyForDeploymentPostprocessing = 0;
		};
/* End PBXFrameworksBuildPhase section */

/* Begin PBXGroup section */
		120A4E4303CA72877E45DD59 /* Pods */ = {
			isa = PBXGroup;
			children = (
				0231EBF557FE84D845BDDF8D /* Pods-Route Tracker.debug.xcconfig */,
				B3C405E286FC19E0388DA5BE /* Pods-Route Tracker.release.xcconfig */,
			);
			path = Pods;
			sourceTree = "<group>";
		};
		29DB672961C0165CE6004766 /* Frameworks */ = {
			isa = PBXGroup;
			children = (
				D87A829F0AC8E0750331B495 /* Pods_Route_Tracker.framework */,
			);
			name = Frameworks;
			sourceTree = "<group>";
		};
		7A761EFF261A2A170003DF94 = {
			isa = PBXGroup;
			children = (
				7A761F0A261A2A170003DF94 /* Route Tracker */,
				7A761F09261A2A170003DF94 /* Products */,
				120A4E4303CA72877E45DD59 /* Pods */,
				29DB672961C0165CE6004766 /* Frameworks */,
			);
			sourceTree = "<group>";
		};
		7A761F09261A2A170003DF94 /* Products */ = {
			isa = PBXGroup;
			children = (
				7A761F08261A2A170003DF94 /* Route Tracker.app */,
			);
			name = Products;
			sourceTree = "<group>";
		};
		7A761F0A261A2A170003DF94 /* Route Tracker */ = {
			isa = PBXGroup;
			children = (
				7A761F26261A575B0003DF94 /* App */,
				7AEA1A78261E39BB003A1C94 /* Core */,
				7A761F25261A57460003DF94 /* Resources */,
				7A761F28261A576D0003DF94 /* Environments */,
			);
			path = "Route Tracker";
			sourceTree = "<group>";
		};
		7A761F25261A57460003DF94 /* Resources */ = {
			isa = PBXGroup;
			children = (
				7A761F11261A2A170003DF94 /* Main.storyboard */,
				7A761F14261A2A180003DF94 /* Assets.xcassets */,
				7A761F16261A2A180003DF94 /* LaunchScreen.storyboard */,
			);
			path = Resources;
			sourceTree = "<group>";
		};
		7A761F26261A575B0003DF94 /* App */ = {
			isa = PBXGroup;
			children = (
				7A761F0B261A2A170003DF94 /* AppDelegate.swift */,
				7A761F0D261A2A170003DF94 /* SceneDelegate.swift */,
				7AEA1A7D261E3CDA003A1C94 /* Entity */,
				7A761F29261A579A0003DF94 /* Flows */,
			);
			path = App;
			sourceTree = "<group>";
		};
		7A761F28261A576D0003DF94 /* Environments */ = {
			isa = PBXGroup;
			children = (
				7A761F19261A2A180003DF94 /* Info.plist */,
			);
			path = Environments;
			sourceTree = "<group>";
		};
		7A761F29261A579A0003DF94 /* Flows */ = {
			isa = PBXGroup;
			children = (
				7A761F0F261A2A170003DF94 /* MapViewController.swift */,
			);
			path = Flows;
			sourceTree = "<group>";
		};
		7AEA1A78261E39BB003A1C94 /* Core */ = {
			isa = PBXGroup;
			children = (
				7AEA1A79261E39D5003A1C94 /* Services */,
			);
			path = Core;
			sourceTree = "<group>";
		};
		7AEA1A79261E39D5003A1C94 /* Services */ = {
			isa = PBXGroup;
			children = (
				7AEA1A7A261E3A73003A1C94 /* RealmService.swift */,
			);
			path = Services;
			sourceTree = "<group>";
		};
		7AEA1A7D261E3CDA003A1C94 /* Entity */ = {
			isa = PBXGroup;
			children = (
				7AEA1A7E261E3CFF003A1C94 /* Route.swift */,
			);
			path = Entity;
			sourceTree = "<group>";
		};
/* End PBXGroup section */

/* Begin PBXNativeTarget section */
		7A761F07261A2A170003DF94 /* Route Tracker */ = {
			isa = PBXNativeTarget;
			buildConfigurationList = 7A761F1C261A2A180003DF94 /* Build configuration list for PBXNativeTarget "Route Tracker" */;
			buildPhases = (
				7A1C477C261FA2B800DFF290 /* Swift Lint */,
				A9608DC299449D6DB159567A /* [CP] Check Pods Manifest.lock */,
				7A761F04261A2A170003DF94 /* Sources */,
				7A761F05261A2A170003DF94 /* Frameworks */,
				7A761F06261A2A170003DF94 /* Resources */,
				15F6705ABEA6FF2BCD488805 /* [CP] Copy Pods Resources */,
				1BC71E7F510B0760F66EFA2B /* [CP] Embed Pods Frameworks */,
			);
			buildRules = (
			);
			dependencies = (
			);
			name = "Route Tracker";
			productName = "Route Tracker";
			productReference = 7A761F08261A2A170003DF94 /* Route Tracker.app */;
			productType = "com.apple.product-type.application";
		};
/* End PBXNativeTarget section */

/* Begin PBXProject section */
		7A761F00261A2A170003DF94 /* Project object */ = {
			isa = PBXProject;
			attributes = {
				LastSwiftUpdateCheck = 1240;
				LastUpgradeCheck = 1240;
				TargetAttributes = {
					7A761F07261A2A170003DF94 = {
						CreatedOnToolsVersion = 12.4;
					};
				};
			};
			buildConfigurationList = 7A761F03261A2A170003DF94 /* Build configuration list for PBXProject "Route Tracker" */;
			compatibilityVersion = "Xcode 9.3";
			developmentRegion = en;
			hasScannedForEncodings = 0;
			knownRegions = (
				en,
				Base,
			);
			mainGroup = 7A761EFF261A2A170003DF94;
			productRefGroup = 7A761F09261A2A170003DF94 /* Products */;
			projectDirPath = "";
			projectRoot = "";
			targets = (
				7A761F07261A2A170003DF94 /* Route Tracker */,
			);
		};
/* End PBXProject section */

/* Begin PBXResourcesBuildPhase section */
		7A761F06261A2A170003DF94 /* Resources */ = {
			isa = PBXResourcesBuildPhase;
			buildActionMask = 2147483647;
			files = (
				7A761F18261A2A180003DF94 /* LaunchScreen.storyboard in Resources */,
				7A761F15261A2A180003DF94 /* Assets.xcassets in Resources */,
				7A761F13261A2A170003DF94 /* Main.storyboard in Resources */,
			);
			runOnlyForDeploymentPostprocessing = 0;
		};
/* End PBXResourcesBuildPhase section */

/* Begin PBXShellScriptBuildPhase section */
		15F6705ABEA6FF2BCD488805 /* [CP] Copy Pods Resources */ = {
			isa = PBXShellScriptBuildPhase;
			buildActionMask = 2147483647;
			files = (
			);
			inputFileListPaths = (
				"${PODS_ROOT}/Target Support Files/Pods-Route Tracker/Pods-Route Tracker-resources-${CONFIGURATION}-input-files.xcfilelist",
			);
			name = "[CP] Copy Pods Resources";
			outputFileListPaths = (
				"${PODS_ROOT}/Target Support Files/Pods-Route Tracker/Pods-Route Tracker-resources-${CONFIGURATION}-output-files.xcfilelist",
			);
			runOnlyForDeploymentPostprocessing = 0;
			shellPath = /bin/sh;
			shellScript = "\"${PODS_ROOT}/Target Support Files/Pods-Route Tracker/Pods-Route Tracker-resources.sh\"\n";
			showEnvVarsInLog = 0;
		};
		1BC71E7F510B0760F66EFA2B /* [CP] Embed Pods Frameworks */ = {
			isa = PBXShellScriptBuildPhase;
			buildActionMask = 2147483647;
			files = (
			);
			inputFileListPaths = (
				"${PODS_ROOT}/Target Support Files/Pods-Route Tracker/Pods-Route Tracker-frameworks-${CONFIGURATION}-input-files.xcfilelist",
			);
			name = "[CP] Embed Pods Frameworks";
			outputFileListPaths = (
				"${PODS_ROOT}/Target Support Files/Pods-Route Tracker/Pods-Route Tracker-frameworks-${CONFIGURATION}-output-files.xcfilelist",
			);
			runOnlyForDeploymentPostprocessing = 0;
			shellPath = /bin/sh;
			shellScript = "\"${PODS_ROOT}/Target Support Files/Pods-Route Tracker/Pods-Route Tracker-frameworks.sh\"\n";
			showEnvVarsInLog = 0;
		};
		7A1C477C261FA2B800DFF290 /* Swift Lint */ = {
			isa = PBXShellScriptBuildPhase;
			buildActionMask = 2147483647;
			files = (
			);
			inputFileListPaths = (
			);
			inputPaths = (
			);
			name = "Swift Lint";
			outputFileListPaths = (
			);
			outputPaths = (
			);
			runOnlyForDeploymentPostprocessing = 0;
			shellPath = /bin/sh;
			shellScript = "# Type a script or drag a script file from your workspace to insert its path.\nif which swiftlint >/dev/null; then\n  swiftlint\nelse\n  echo \"warning: SwiftLint not installed, download from https://github.com/realm/SwiftLint\"\n  exit 1\nfi\n";
		};
		A9608DC299449D6DB159567A /* [CP] Check Pods Manifest.lock */ = {
			isa = PBXShellScriptBuildPhase;
			buildActionMask = 2147483647;
			files = (
			);
			inputFileListPaths = (
			);
			inputPaths = (
				"${PODS_PODFILE_DIR_PATH}/Podfile.lock",
				"${PODS_ROOT}/Manifest.lock",
			);
			name = "[CP] Check Pods Manifest.lock";
			outputFileListPaths = (
			);
			outputPaths = (
				"$(DERIVED_FILE_DIR)/Pods-Route Tracker-checkManifestLockResult.txt",
			);
			runOnlyForDeploymentPostprocessing = 0;
			shellPath = /bin/sh;
			shellScript = "diff \"${PODS_PODFILE_DIR_PATH}/Podfile.lock\" \"${PODS_ROOT}/Manifest.lock\" > /dev/null\nif [ $? != 0 ] ; then\n    # print error to STDERR\n    echo \"error: The sandbox is not in sync with the Podfile.lock. Run 'pod install' or update your CocoaPods installation.\" >&2\n    exit 1\nfi\n# This output is used by Xcode 'outputs' to avoid re-running this script phase.\necho \"SUCCESS\" > \"${SCRIPT_OUTPUT_FILE_0}\"\n";
			showEnvVarsInLog = 0;
		};
/* End PBXShellScriptBuildPhase section */

/* Begin PBXSourcesBuildPhase section */
		7A761F04261A2A170003DF94 /* Sources */ = {
			isa = PBXSourcesBuildPhase;
			buildActionMask = 2147483647;
			files = (
				7A761F10261A2A170003DF94 /* MapViewController.swift in Sources */,
				7A761F0C261A2A170003DF94 /* AppDelegate.swift in Sources */,
				7A761F0E261A2A170003DF94 /* SceneDelegate.swift in Sources */,
				7AEA1A7F261E3CFF003A1C94 /* Route.swift in Sources */,
				7AEA1A7B261E3A73003A1C94 /* RealmService.swift in Sources */,
			);
			runOnlyForDeploymentPostprocessing = 0;
		};
/* End PBXSourcesBuildPhase section */

/* Begin PBXVariantGroup section */
		7A761F11261A2A170003DF94 /* Main.storyboard */ = {
			isa = PBXVariantGroup;
			children = (
				7A761F12261A2A170003DF94 /* Base */,
			);
			name = Main.storyboard;
			sourceTree = "<group>";
		};
		7A761F16261A2A180003DF94 /* LaunchScreen.storyboard */ = {
			isa = PBXVariantGroup;
			children = (
				7A761F17261A2A180003DF94 /* Base */,
			);
			name = LaunchScreen.storyboard;
			sourceTree = "<group>";
		};
/* End PBXVariantGroup section */

/* Begin XCBuildConfiguration section */
		7A761F1A261A2A180003DF94 /* Debug */ = {
			isa = XCBuildConfiguration;
			buildSettings = {
				ALWAYS_SEARCH_USER_PATHS = NO;
				CLANG_ANALYZER_NONNULL = YES;
				CLANG_ANALYZER_NUMBER_OBJECT_CONVERSION = YES_AGGRESSIVE;
				CLANG_CXX_LANGUAGE_STANDARD = "gnu++14";
				CLANG_CXX_LIBRARY = "libc++";
				CLANG_ENABLE_MODULES = YES;
				CLANG_ENABLE_OBJC_ARC = YES;
				CLANG_ENABLE_OBJC_WEAK = YES;
				CLANG_WARN_BLOCK_CAPTURE_AUTORELEASING = YES;
				CLANG_WARN_BOOL_CONVERSION = YES;
				CLANG_WARN_COMMA = YES;
				CLANG_WARN_CONSTANT_CONVERSION = YES;
				CLANG_WARN_DEPRECATED_OBJC_IMPLEMENTATIONS = YES;
				CLANG_WARN_DIRECT_OBJC_ISA_USAGE = YES_ERROR;
				CLANG_WARN_DOCUMENTATION_COMMENTS = YES;
				CLANG_WARN_EMPTY_BODY = YES;
				CLANG_WARN_ENUM_CONVERSION = YES;
				CLANG_WARN_INFINITE_RECURSION = YES;
				CLANG_WARN_INT_CONVERSION = YES;
				CLANG_WARN_NON_LITERAL_NULL_CONVERSION = YES;
				CLANG_WARN_OBJC_IMPLICIT_RETAIN_SELF = YES;
				CLANG_WARN_OBJC_LITERAL_CONVERSION = YES;
				CLANG_WARN_OBJC_ROOT_CLASS = YES_ERROR;
				CLANG_WARN_QUOTED_INCLUDE_IN_FRAMEWORK_HEADER = YES;
				CLANG_WARN_RANGE_LOOP_ANALYSIS = YES;
				CLANG_WARN_STRICT_PROTOTYPES = YES;
				CLANG_WARN_SUSPICIOUS_MOVE = YES;
				CLANG_WARN_UNGUARDED_AVAILABILITY = YES_AGGRESSIVE;
				CLANG_WARN_UNREACHABLE_CODE = YES;
				CLANG_WARN__DUPLICATE_METHOD_MATCH = YES;
				COPY_PHASE_STRIP = NO;
				DEBUG_INFORMATION_FORMAT = dwarf;
				ENABLE_STRICT_OBJC_MSGSEND = YES;
				ENABLE_TESTABILITY = YES;
				GCC_C_LANGUAGE_STANDARD = gnu11;
				GCC_DYNAMIC_NO_PIC = NO;
				GCC_NO_COMMON_BLOCKS = YES;
				GCC_OPTIMIZATION_LEVEL = 0;
				GCC_PREPROCESSOR_DEFINITIONS = (
					"DEBUG=1",
					"$(inherited)",
				);
				GCC_WARN_64_TO_32_BIT_CONVERSION = YES;
				GCC_WARN_ABOUT_RETURN_TYPE = YES_ERROR;
				GCC_WARN_UNDECLARED_SELECTOR = YES;
				GCC_WARN_UNINITIALIZED_AUTOS = YES_AGGRESSIVE;
				GCC_WARN_UNUSED_FUNCTION = YES;
				GCC_WARN_UNUSED_VARIABLE = YES;
				IPHONEOS_DEPLOYMENT_TARGET = 14.4;
				MTL_ENABLE_DEBUG_INFO = INCLUDE_SOURCE;
				MTL_FAST_MATH = YES;
				ONLY_ACTIVE_ARCH = YES;
				SDKROOT = iphoneos;
				SWIFT_ACTIVE_COMPILATION_CONDITIONS = DEBUG;
				SWIFT_OPTIMIZATION_LEVEL = "-Onone";
			};
			name = Debug;
		};
		7A761F1B261A2A180003DF94 /* Release */ = {
			isa = XCBuildConfiguration;
			buildSettings = {
				ALWAYS_SEARCH_USER_PATHS = NO;
				CLANG_ANALYZER_NONNULL = YES;
				CLANG_ANALYZER_NUMBER_OBJECT_CONVERSION = YES_AGGRESSIVE;
				CLANG_CXX_LANGUAGE_STANDARD = "gnu++14";
				CLANG_CXX_LIBRARY = "libc++";
				CLANG_ENABLE_MODULES = YES;
				CLANG_ENABLE_OBJC_ARC = YES;
				CLANG_ENABLE_OBJC_WEAK = YES;
				CLANG_WARN_BLOCK_CAPTURE_AUTORELEASING = YES;
				CLANG_WARN_BOOL_CONVERSION = YES;
				CLANG_WARN_COMMA = YES;
				CLANG_WARN_CONSTANT_CONVERSION = YES;
				CLANG_WARN_DEPRECATED_OBJC_IMPLEMENTATIONS = YES;
				CLANG_WARN_DIRECT_OBJC_ISA_USAGE = YES_ERROR;
				CLANG_WARN_DOCUMENTATION_COMMENTS = YES;
				CLANG_WARN_EMPTY_BODY = YES;
				CLANG_WARN_ENUM_CONVERSION = YES;
				CLANG_WARN_INFINITE_RECURSION = YES;
				CLANG_WARN_INT_CONVERSION = YES;
				CLANG_WARN_NON_LITERAL_NULL_CONVERSION = YES;
				CLANG_WARN_OBJC_IMPLICIT_RETAIN_SELF = YES;
				CLANG_WARN_OBJC_LITERAL_CONVERSION = YES;
				CLANG_WARN_OBJC_ROOT_CLASS = YES_ERROR;
				CLANG_WARN_QUOTED_INCLUDE_IN_FRAMEWORK_HEADER = YES;
				CLANG_WARN_RANGE_LOOP_ANALYSIS = YES;
				CLANG_WARN_STRICT_PROTOTYPES = YES;
				CLANG_WARN_SUSPICIOUS_MOVE = YES;
				CLANG_WARN_UNGUARDED_AVAILABILITY = YES_AGGRESSIVE;
				CLANG_WARN_UNREACHABLE_CODE = YES;
				CLANG_WARN__DUPLICATE_METHOD_MATCH = YES;
				COPY_PHASE_STRIP = NO;
				DEBUG_INFORMATION_FORMAT = "dwarf-with-dsym";
				ENABLE_NS_ASSERTIONS = NO;
				ENABLE_STRICT_OBJC_MSGSEND = YES;
				GCC_C_LANGUAGE_STANDARD = gnu11;
				GCC_NO_COMMON_BLOCKS = YES;
				GCC_WARN_64_TO_32_BIT_CONVERSION = YES;
				GCC_WARN_ABOUT_RETURN_TYPE = YES_ERROR;
				GCC_WARN_UNDECLARED_SELECTOR = YES;
				GCC_WARN_UNINITIALIZED_AUTOS = YES_AGGRESSIVE;
				GCC_WARN_UNUSED_FUNCTION = YES;
				GCC_WARN_UNUSED_VARIABLE = YES;
				IPHONEOS_DEPLOYMENT_TARGET = 14.4;
				MTL_ENABLE_DEBUG_INFO = NO;
				MTL_FAST_MATH = YES;
				SDKROOT = iphoneos;
				SWIFT_COMPILATION_MODE = wholemodule;
				SWIFT_OPTIMIZATION_LEVEL = "-O";
				VALIDATE_PRODUCT = YES;
			};
			name = Release;
		};
		7A761F1D261A2A180003DF94 /* Debug */ = {
			isa = XCBuildConfiguration;
			baseConfigurationReference = 0231EBF557FE84D845BDDF8D /* Pods-Route Tracker.debug.xcconfig */;
			buildSettings = {
				ASSETCATALOG_COMPILER_APPICON_NAME = AppIcon;
				ASSETCATALOG_COMPILER_GLOBAL_ACCENT_COLOR_NAME = AccentColor;
				CODE_SIGN_STYLE = Automatic;
				DEVELOPMENT_TEAM = LA6FA5G5XC;
				INFOPLIST_FILE = "Route Tracker/Environments/Info.plist";
				LD_RUNPATH_SEARCH_PATHS = (
					"$(inherited)",
					"@executable_path/Frameworks",
				);
				PRODUCT_BUNDLE_IDENTIFIER = "com.aksilont.Route-Tracker";
				PRODUCT_NAME = "$(TARGET_NAME)";
				SWIFT_VERSION = 5.0;
				TARGETED_DEVICE_FAMILY = "1,2";
			};
			name = Debug;
		};
		7A761F1E261A2A180003DF94 /* Release */ = {
			isa = XCBuildConfiguration;
			baseConfigurationReference = B3C405E286FC19E0388DA5BE /* Pods-Route Tracker.release.xcconfig */;
			buildSettings = {
				ASSETCATALOG_COMPILER_APPICON_NAME = AppIcon;
				ASSETCATALOG_COMPILER_GLOBAL_ACCENT_COLOR_NAME = AccentColor;
				CODE_SIGN_STYLE = Automatic;
				DEVELOPMENT_TEAM = LA6FA5G5XC;
				INFOPLIST_FILE = "Route Tracker/Environments/Info.plist";
				LD_RUNPATH_SEARCH_PATHS = (
					"$(inherited)",
					"@executable_path/Frameworks",
				);
				PRODUCT_BUNDLE_IDENTIFIER = "com.aksilont.Route-Tracker";
				PRODUCT_NAME = "$(TARGET_NAME)";
				SWIFT_VERSION = 5.0;
				TARGETED_DEVICE_FAMILY = "1,2";
			};
			name = Release;
		};
/* End XCBuildConfiguration section */

/* Begin XCConfigurationList section */
		7A761F03261A2A170003DF94 /* Build configuration list for PBXProject "Route Tracker" */ = {
			isa = XCConfigurationList;
			buildConfigurations = (
				7A761F1A261A2A180003DF94 /* Debug */,
				7A761F1B261A2A180003DF94 /* Release */,
			);
			defaultConfigurationIsVisible = 0;
			defaultConfigurationName = Release;
		};
		7A761F1C261A2A180003DF94 /* Build configuration list for PBXNativeTarget "Route Tracker" */ = {
			isa = XCConfigurationList;
			buildConfigurations = (
				7A761F1D261A2A180003DF94 /* Debug */,
				7A761F1E261A2A180003DF94 /* Release */,
			);
			defaultConfigurationIsVisible = 0;
			defaultConfigurationName = Release;
		};
/* End XCConfigurationList section */
	};
	rootObject = 7A761F00261A2A170003DF94 /* Project object */;
}
